// !$*UTF8*$!
{
	archiveVersion = 1;
	classes = {
	};
	objectVersion = 56;
	objects = {

/* Begin PBXBuildFile section */
		1746F6B82BA2CBE000D044E0 /* HomeView.swift in Sources */ = {isa = PBXBuildFile; fileRef = 1746F6B72BA2CBE000D044E0 /* HomeView.swift */; };
		1746F6BA2BA2CBFD00D044E0 /* PlanView.swift in Sources */ = {isa = PBXBuildFile; fileRef = 1746F6B92BA2CBFD00D044E0 /* PlanView.swift */; };
		1746F6BC2BA2CC1500D044E0 /* MapView.swift in Sources */ = {isa = PBXBuildFile; fileRef = 1746F6BB2BA2CC1500D044E0 /* MapView.swift */; };
		1746F6BE2BA2CC2100D044E0 /* RecordView.swift in Sources */ = {isa = PBXBuildFile; fileRef = 1746F6BD2BA2CC2100D044E0 /* RecordView.swift */; };
		1746F6C02BA2DA2000D044E0 /* CustomTabView.swift in Sources */ = {isa = PBXBuildFile; fileRef = 1746F6BF2BA2DA2000D044E0 /* CustomTabView.swift */; };
		1746F6C52BA2EF3300D044E0 /* MapSearchBarView.swift in Sources */ = {isa = PBXBuildFile; fileRef = 1746F6C42BA2EF3300D044E0 /* MapSearchBarView.swift */; };
		1746F6C72BA2EF7400D044E0 /* RestaurantDataModel.swift in Sources */ = {isa = PBXBuildFile; fileRef = 1746F6C62BA2EF7400D044E0 /* RestaurantDataModel.swift */; };
		1746F6C92BA2F01000D044E0 /* MapDataLoad.swift in Sources */ = {isa = PBXBuildFile; fileRef = 1746F6C82BA2F01000D044E0 /* MapDataLoad.swift */; };
		1746F6CB2BA2F3EC00D044E0 /* MapControllView.swift in Sources */ = {isa = PBXBuildFile; fileRef = 1746F6CA2BA2F3EC00D044E0 /* MapControllView.swift */; };
		1746F6CE2BA2FB6A00D044E0 /* 제주도식당Data_Test.json in Resources */ = {isa = PBXBuildFile; fileRef = 1746F6CD2BA2FB6900D044E0 /* 제주도식당Data_Test.json */; };
		1746F6D22BA32C6D00D044E0 /* ToiletDataModel.swift in Sources */ = {isa = PBXBuildFile; fileRef = 1746F6D12BA32C6D00D044E0 /* ToiletDataModel.swift */; };
		1746F6D82BA3459C00D044E0 /* 제주공중화장실Data_전처리.json in Resources */ = {isa = PBXBuildFile; fileRef = 1746F6D72BA3459C00D044E0 /* 제주공중화장실Data_전처리.json */; };
		1746F7182BB05C6E00D044E0 /* RecordModel.swift in Sources */ = {isa = PBXBuildFile; fileRef = 1746F7172BB05C6E00D044E0 /* RecordModel.swift */; };
		1746F71A2BB05CE600D044E0 /* RecordImageView.swift in Sources */ = {isa = PBXBuildFile; fileRef = 1746F7192BB05CE600D044E0 /* RecordImageView.swift */; };
		17EE164E2BB5782100406A16 /* RecordAddView.swift in Sources */ = {isa = PBXBuildFile; fileRef = 17EE164D2BB5782100406A16 /* RecordAddView.swift */; };
		17EE16502BB57BEB00406A16 /* TravelMakerDB1.swift in Sources */ = {isa = PBXBuildFile; fileRef = 17EE164F2BB57BEA00406A16 /* TravelMakerDB1.swift */; };
		17EE16552BBA7D4300406A16 /* RecordStartDatePickerView.swift in Sources */ = {isa = PBXBuildFile; fileRef = 17EE16542BBA7D4300406A16 /* RecordStartDatePickerView.swift */; };
		17EE16572BBA863100406A16 /* RecordEndDatePickerView.swift in Sources */ = {isa = PBXBuildFile; fileRef = 17EE16562BBA863100406A16 /* RecordEndDatePickerView.swift */; };
		667BB0462B99A2F300983507 /* TravelMakerAPPApp.swift in Sources */ = {isa = PBXBuildFile; fileRef = 667BB0452B99A2F300983507 /* TravelMakerAPPApp.swift */; };
		667BB0482B99A2F300983507 /* TabBarView.swift in Sources */ = {isa = PBXBuildFile; fileRef = 667BB0472B99A2F300983507 /* TabBarView.swift */; };
		667BB04A2B99A2F500983507 /* Assets.xcassets in Resources */ = {isa = PBXBuildFile; fileRef = 667BB0492B99A2F500983507 /* Assets.xcassets */; };
		667BB04D2B99A2F500983507 /* Preview Assets.xcassets in Resources */ = {isa = PBXBuildFile; fileRef = 667BB04C2B99A2F500983507 /* Preview Assets.xcassets */; };
/* End PBXBuildFile section */

/* Begin PBXFileReference section */
		1746F6B72BA2CBE000D044E0 /* HomeView.swift */ = {isa = PBXFileReference; lastKnownFileType = sourcecode.swift; path = HomeView.swift; sourceTree = "<group>"; };
		1746F6B92BA2CBFD00D044E0 /* PlanView.swift */ = {isa = PBXFileReference; lastKnownFileType = sourcecode.swift; path = PlanView.swift; sourceTree = "<group>"; };
		1746F6BB2BA2CC1500D044E0 /* MapView.swift */ = {isa = PBXFileReference; lastKnownFileType = sourcecode.swift; path = MapView.swift; sourceTree = "<group>"; };
		1746F6BD2BA2CC2100D044E0 /* RecordView.swift */ = {isa = PBXFileReference; lastKnownFileType = sourcecode.swift; path = RecordView.swift; sourceTree = "<group>"; };
		1746F6BF2BA2DA2000D044E0 /* CustomTabView.swift */ = {isa = PBXFileReference; lastKnownFileType = sourcecode.swift; path = CustomTabView.swift; sourceTree = "<group>"; };
		1746F6C42BA2EF3300D044E0 /* MapSearchBarView.swift */ = {isa = PBXFileReference; lastKnownFileType = sourcecode.swift; path = MapSearchBarView.swift; sourceTree = "<group>"; };
		1746F6C62BA2EF7400D044E0 /* RestaurantDataModel.swift */ = {isa = PBXFileReference; lastKnownFileType = sourcecode.swift; path = RestaurantDataModel.swift; sourceTree = "<group>"; };
		1746F6C82BA2F01000D044E0 /* MapDataLoad.swift */ = {isa = PBXFileReference; lastKnownFileType = sourcecode.swift; path = MapDataLoad.swift; sourceTree = "<group>"; };
		1746F6CA2BA2F3EC00D044E0 /* MapControllView.swift */ = {isa = PBXFileReference; lastKnownFileType = sourcecode.swift; path = MapControllView.swift; sourceTree = "<group>"; };
		1746F6CD2BA2FB6900D044E0 /* 제주도식당Data_Test.json */ = {isa = PBXFileReference; fileEncoding = 4; lastKnownFileType = text.json; path = "제주도식당Data_Test.json"; sourceTree = "<group>"; };
		1746F6D12BA32C6D00D044E0 /* ToiletDataModel.swift */ = {isa = PBXFileReference; lastKnownFileType = sourcecode.swift; path = ToiletDataModel.swift; sourceTree = "<group>"; };
		1746F6D72BA3459C00D044E0 /* 제주공중화장실Data_전처리.json */ = {isa = PBXFileReference; fileEncoding = 4; lastKnownFileType = text.json; path = "제주공중화장실Data_전처리.json"; sourceTree = "<group>"; };
		1746F7172BB05C6E00D044E0 /* RecordModel.swift */ = {isa = PBXFileReference; lastKnownFileType = sourcecode.swift; path = RecordModel.swift; sourceTree = "<group>"; };
		1746F7192BB05CE600D044E0 /* RecordImageView.swift */ = {isa = PBXFileReference; lastKnownFileType = sourcecode.swift; path = RecordImageView.swift; sourceTree = "<group>"; };
		17EE164D2BB5782100406A16 /* RecordAddView.swift */ = {isa = PBXFileReference; lastKnownFileType = sourcecode.swift; path = RecordAddView.swift; sourceTree = "<group>"; };
		17EE164F2BB57BEA00406A16 /* TravelMakerDB1.swift */ = {isa = PBXFileReference; fileEncoding = 4; lastKnownFileType = sourcecode.swift; path = TravelMakerDB1.swift; sourceTree = "<group>"; };
		17EE16542BBA7D4300406A16 /* RecordStartDatePickerView.swift */ = {isa = PBXFileReference; lastKnownFileType = sourcecode.swift; path = RecordStartDatePickerView.swift; sourceTree = "<group>"; };
		17EE16562BBA863100406A16 /* RecordEndDatePickerView.swift */ = {isa = PBXFileReference; lastKnownFileType = sourcecode.swift; path = RecordEndDatePickerView.swift; sourceTree = "<group>"; };
		667BB0422B99A2F300983507 /* TravelMakerAPP.app */ = {isa = PBXFileReference; explicitFileType = wrapper.application; includeInIndex = 0; path = TravelMakerAPP.app; sourceTree = BUILT_PRODUCTS_DIR; };
		667BB0452B99A2F300983507 /* TravelMakerAPPApp.swift */ = {isa = PBXFileReference; lastKnownFileType = sourcecode.swift; path = TravelMakerAPPApp.swift; sourceTree = "<group>"; };
		667BB0472B99A2F300983507 /* TabBarView.swift */ = {isa = PBXFileReference; lastKnownFileType = sourcecode.swift; path = TabBarView.swift; sourceTree = "<group>"; };
		667BB0492B99A2F500983507 /* Assets.xcassets */ = {isa = PBXFileReference; lastKnownFileType = folder.assetcatalog; path = Assets.xcassets; sourceTree = "<group>"; };
		667BB04C2B99A2F500983507 /* Preview Assets.xcassets */ = {isa = PBXFileReference; lastKnownFileType = folder.assetcatalog; path = "Preview Assets.xcassets"; sourceTree = "<group>"; };
/* End PBXFileReference section */

/* Begin PBXFrameworksBuildPhase section */
		667BB03F2B99A2F300983507 /* Frameworks */ = {
			isa = PBXFrameworksBuildPhase;
			buildActionMask = 2147483647;
			files = (
			);
			runOnlyForDeploymentPostprocessing = 0;
		};
/* End PBXFrameworksBuildPhase section */

/* Begin PBXGroup section */
		1746F6B42BA2CB4F00D044E0 /* View */ = {
			isa = PBXGroup;
			children = (
				1746F6C32BA2E9A100D044E0 /* TabBar */,
				1746F6B72BA2CBE000D044E0 /* HomeView.swift */,
				1746F6B92BA2CBFD00D044E0 /* PlanView.swift */,
				1746F6BB2BA2CC1500D044E0 /* MapView.swift */,
				1746F6BD2BA2CC2100D044E0 /* RecordView.swift */,
				17EE164D2BB5782100406A16 /* RecordAddView.swift */,
			);
			path = View;
			sourceTree = "<group>";
		};
		1746F6B52BA2CB6400D044E0 /* ViewModel */ = {
			isa = PBXGroup;
			children = (
				1746F6C82BA2F01000D044E0 /* MapDataLoad.swift */,
				17EE164F2BB57BEA00406A16 /* TravelMakerDB1.swift */,
			);
			path = ViewModel;
			sourceTree = "<group>";
		};
		1746F6B62BA2CB7300D044E0 /* Model */ = {
			isa = PBXGroup;
			children = (
				1746F6C62BA2EF7400D044E0 /* RestaurantDataModel.swift */,
				1746F6D12BA32C6D00D044E0 /* ToiletDataModel.swift */,
				1746F7172BB05C6E00D044E0 /* RecordModel.swift */,
			);
			path = Model;
			sourceTree = "<group>";
		};
		1746F6C12BA2E84500D044E0 /* Component */ = {
			isa = PBXGroup;
			children = (
				17EE16532BBA7CD700406A16 /* Record */,
				1746F6C22BA2E85400D044E0 /* Map */,
			);
			path = Component;
			sourceTree = "<group>";
		};
		1746F6C22BA2E85400D044E0 /* Map */ = {
			isa = PBXGroup;
			children = (
				1746F6C42BA2EF3300D044E0 /* MapSearchBarView.swift */,
				1746F6CA2BA2F3EC00D044E0 /* MapControllView.swift */,
			);
			path = Map;
			sourceTree = "<group>";
		};
		1746F6C32BA2E9A100D044E0 /* TabBar */ = {
			isa = PBXGroup;
			children = (
				1746F6BF2BA2DA2000D044E0 /* CustomTabView.swift */,
				667BB0472B99A2F300983507 /* TabBarView.swift */,
			);
			path = TabBar;
			sourceTree = "<group>";
		};
		1746F6CC2BA2FB3A00D044E0 /* Data */ = {
			isa = PBXGroup;
			children = (
				1746F6D72BA3459C00D044E0 /* 제주공중화장실Data_전처리.json */,
				1746F6CD2BA2FB6900D044E0 /* 제주도식당Data_Test.json */,
			);
			path = Data;
			sourceTree = "<group>";
		};
		17EE16532BBA7CD700406A16 /* Record */ = {
			isa = PBXGroup;
			children = (
				1746F7192BB05CE600D044E0 /* RecordImageView.swift */,
				17EE16542BBA7D4300406A16 /* RecordStartDatePickerView.swift */,
				17EE16562BBA863100406A16 /* RecordEndDatePickerView.swift */,
			);
			path = Record;
			sourceTree = "<group>";
		};
		667BB0392B99A2F300983507 = {
			isa = PBXGroup;
			children = (
				667BB0442B99A2F300983507 /* TravelMakerAPP */,
				667BB0432B99A2F300983507 /* Products */,
			);
			sourceTree = "<group>";
		};
		667BB0432B99A2F300983507 /* Products */ = {
			isa = PBXGroup;
			children = (
				667BB0422B99A2F300983507 /* TravelMakerAPP.app */,
			);
			name = Products;
			sourceTree = "<group>";
		};
		667BB0442B99A2F300983507 /* TravelMakerAPP */ = {
			isa = PBXGroup;
			children = (
				1746F6CC2BA2FB3A00D044E0 /* Data */,
				1746F6C12BA2E84500D044E0 /* Component */,
				1746F6B62BA2CB7300D044E0 /* Model */,
				1746F6B52BA2CB6400D044E0 /* ViewModel */,
				1746F6B42BA2CB4F00D044E0 /* View */,
				667BB0452B99A2F300983507 /* TravelMakerAPPApp.swift */,
				667BB0492B99A2F500983507 /* Assets.xcassets */,
				667BB04B2B99A2F500983507 /* Preview Content */,
			);
			path = TravelMakerAPP;
			sourceTree = "<group>";
		};
		667BB04B2B99A2F500983507 /* Preview Content */ = {
			isa = PBXGroup;
			children = (
				667BB04C2B99A2F500983507 /* Preview Assets.xcassets */,
			);
			path = "Preview Content";
			sourceTree = "<group>";
		};
/* End PBXGroup section */

/* Begin PBXNativeTarget section */
		667BB0412B99A2F300983507 /* TravelMakerAPP */ = {
			isa = PBXNativeTarget;
			buildConfigurationList = 667BB0502B99A2F500983507 /* Build configuration list for PBXNativeTarget "TravelMakerAPP" */;
			buildPhases = (
				667BB03E2B99A2F300983507 /* Sources */,
				667BB03F2B99A2F300983507 /* Frameworks */,
				667BB0402B99A2F300983507 /* Resources */,
			);
			buildRules = (
			);
			dependencies = (
			);
			name = TravelMakerAPP;
			productName = TravelMakerAPP;
			productReference = 667BB0422B99A2F300983507 /* TravelMakerAPP.app */;
			productType = "com.apple.product-type.application";
		};
/* End PBXNativeTarget section */

/* Begin PBXProject section */
		667BB03A2B99A2F300983507 /* Project object */ = {
			isa = PBXProject;
			attributes = {
				BuildIndependentTargetsInParallel = 1;
				LastSwiftUpdateCheck = 1520;
				LastUpgradeCheck = 1520;
				TargetAttributes = {
					667BB0412B99A2F300983507 = {
						CreatedOnToolsVersion = 15.2;
					};
				};
			};
			buildConfigurationList = 667BB03D2B99A2F300983507 /* Build configuration list for PBXProject "TravelMakerAPP" */;
			compatibilityVersion = "Xcode 14.0";
			developmentRegion = en;
			hasScannedForEncodings = 0;
			knownRegions = (
				en,
				Base,
			);
			mainGroup = 667BB0392B99A2F300983507;
			productRefGroup = 667BB0432B99A2F300983507 /* Products */;
			projectDirPath = "";
			projectRoot = "";
			targets = (
				667BB0412B99A2F300983507 /* TravelMakerAPP */,
			);
		};
/* End PBXProject section */

/* Begin PBXResourcesBuildPhase section */
		667BB0402B99A2F300983507 /* Resources */ = {
			isa = PBXResourcesBuildPhase;
			buildActionMask = 2147483647;
			files = (
				667BB04D2B99A2F500983507 /* Preview Assets.xcassets in Resources */,
				667BB04A2B99A2F500983507 /* Assets.xcassets in Resources */,
				1746F6D82BA3459C00D044E0 /* 제주공중화장실Data_전처리.json in Resources */,
				1746F6CE2BA2FB6A00D044E0 /* 제주도식당Data_Test.json in Resources */,
			);
			runOnlyForDeploymentPostprocessing = 0;
		};
/* End PBXResourcesBuildPhase section */

/* Begin PBXSourcesBuildPhase section */
		667BB03E2B99A2F300983507 /* Sources */ = {
			isa = PBXSourcesBuildPhase;
			buildActionMask = 2147483647;
			files = (
				1746F6B82BA2CBE000D044E0 /* HomeView.swift in Sources */,
				1746F6BE2BA2CC2100D044E0 /* RecordView.swift in Sources */,
				17EE16502BB57BEB00406A16 /* TravelMakerDB1.swift in Sources */,
				667BB0482B99A2F300983507 /* TabBarView.swift in Sources */,
				17EE164E2BB5782100406A16 /* RecordAddView.swift in Sources */,
				1746F6BC2BA2CC1500D044E0 /* MapView.swift in Sources */,
				17EE16552BBA7D4300406A16 /* RecordStartDatePickerView.swift in Sources */,
				17EE16572BBA863100406A16 /* RecordEndDatePickerView.swift in Sources */,
				1746F6C92BA2F01000D044E0 /* MapDataLoad.swift in Sources */,
				1746F71A2BB05CE600D044E0 /* RecordImageView.swift in Sources */,
				1746F7182BB05C6E00D044E0 /* RecordModel.swift in Sources */,
				667BB0462B99A2F300983507 /* TravelMakerAPPApp.swift in Sources */,
				1746F6C52BA2EF3300D044E0 /* MapSearchBarView.swift in Sources */,
				1746F6BA2BA2CBFD00D044E0 /* PlanView.swift in Sources */,
				1746F6D22BA32C6D00D044E0 /* ToiletDataModel.swift in Sources */,
				1746F6C72BA2EF7400D044E0 /* RestaurantDataModel.swift in Sources */,
				1746F6CB2BA2F3EC00D044E0 /* MapControllView.swift in Sources */,
				1746F6C02BA2DA2000D044E0 /* CustomTabView.swift in Sources */,
			);
			runOnlyForDeploymentPostprocessing = 0;
		};
/* End PBXSourcesBuildPhase section */

/* Begin XCBuildConfiguration section */
		667BB04E2B99A2F500983507 /* Debug */ = {
			isa = XCBuildConfiguration;
			buildSettings = {
				ALWAYS_SEARCH_USER_PATHS = NO;
				ASSETCATALOG_COMPILER_GENERATE_SWIFT_ASSET_SYMBOL_EXTENSIONS = YES;
				CLANG_ANALYZER_NONNULL = YES;
				CLANG_ANALYZER_NUMBER_OBJECT_CONVERSION = YES_AGGRESSIVE;
				CLANG_CXX_LANGUAGE_STANDARD = "gnu++20";
				CLANG_ENABLE_MODULES = YES;
				CLANG_ENABLE_OBJC_ARC = YES;
				CLANG_ENABLE_OBJC_WEAK = YES;
				CLANG_WARN_BLOCK_CAPTURE_AUTORELEASING = YES;
				CLANG_WARN_BOOL_CONVERSION = YES;
				CLANG_WARN_COMMA = YES;
				CLANG_WARN_CONSTANT_CONVERSION = YES;
				CLANG_WARN_DEPRECATED_OBJC_IMPLEMENTATIONS = YES;
				CLANG_WARN_DIRECT_OBJC_ISA_USAGE = YES_ERROR;
				CLANG_WARN_DOCUMENTATION_COMMENTS = YES;
				CLANG_WARN_EMPTY_BODY = YES;
				CLANG_WARN_ENUM_CONVERSION = YES;
				CLANG_WARN_INFINITE_RECURSION = YES;
				CLANG_WARN_INT_CONVERSION = YES;
				CLANG_WARN_NON_LITERAL_NULL_CONVERSION = YES;
				CLANG_WARN_OBJC_IMPLICIT_RETAIN_SELF = YES;
				CLANG_WARN_OBJC_LITERAL_CONVERSION = YES;
				CLANG_WARN_OBJC_ROOT_CLASS = YES_ERROR;
				CLANG_WARN_QUOTED_INCLUDE_IN_FRAMEWORK_HEADER = YES;
				CLANG_WARN_RANGE_LOOP_ANALYSIS = YES;
				CLANG_WARN_STRICT_PROTOTYPES = YES;
				CLANG_WARN_SUSPICIOUS_MOVE = YES;
				CLANG_WARN_UNGUARDED_AVAILABILITY = YES_AGGRESSIVE;
				CLANG_WARN_UNREACHABLE_CODE = YES;
				CLANG_WARN__DUPLICATE_METHOD_MATCH = YES;
				COPY_PHASE_STRIP = NO;
				DEBUG_INFORMATION_FORMAT = dwarf;
				ENABLE_STRICT_OBJC_MSGSEND = YES;
				ENABLE_TESTABILITY = YES;
				ENABLE_USER_SCRIPT_SANDBOXING = YES;
				GCC_C_LANGUAGE_STANDARD = gnu17;
				GCC_DYNAMIC_NO_PIC = NO;
				GCC_NO_COMMON_BLOCKS = YES;
				GCC_OPTIMIZATION_LEVEL = 0;
				GCC_PREPROCESSOR_DEFINITIONS = (
					"DEBUG=1",
					"$(inherited)",
				);
				GCC_WARN_64_TO_32_BIT_CONVERSION = YES;
				GCC_WARN_ABOUT_RETURN_TYPE = YES_ERROR;
				GCC_WARN_UNDECLARED_SELECTOR = YES;
				GCC_WARN_UNINITIALIZED_AUTOS = YES_AGGRESSIVE;
				GCC_WARN_UNUSED_FUNCTION = YES;
				GCC_WARN_UNUSED_VARIABLE = YES;
				IPHONEOS_DEPLOYMENT_TARGET = 17.2;
				LOCALIZATION_PREFERS_STRING_CATALOGS = YES;
				MTL_ENABLE_DEBUG_INFO = INCLUDE_SOURCE;
				MTL_FAST_MATH = YES;
				ONLY_ACTIVE_ARCH = YES;
				SDKROOT = iphoneos;
				SWIFT_ACTIVE_COMPILATION_CONDITIONS = "DEBUG $(inherited)";
				SWIFT_OPTIMIZATION_LEVEL = "-Onone";
			};
			name = Debug;
		};
		667BB04F2B99A2F500983507 /* Release */ = {
			isa = XCBuildConfiguration;
			buildSettings = {
				ALWAYS_SEARCH_USER_PATHS = NO;
				ASSETCATALOG_COMPILER_GENERATE_SWIFT_ASSET_SYMBOL_EXTENSIONS = YES;
				CLANG_ANALYZER_NONNULL = YES;
				CLANG_ANALYZER_NUMBER_OBJECT_CONVERSION = YES_AGGRESSIVE;
				CLANG_CXX_LANGUAGE_STANDARD = "gnu++20";
				CLANG_ENABLE_MODULES = YES;
				CLANG_ENABLE_OBJC_ARC = YES;
				CLANG_ENABLE_OBJC_WEAK = YES;
				CLANG_WARN_BLOCK_CAPTURE_AUTORELEASING = YES;
				CLANG_WARN_BOOL_CONVERSION = YES;
				CLANG_WARN_COMMA = YES;
				CLANG_WARN_CONSTANT_CONVERSION = YES;
				CLANG_WARN_DEPRECATED_OBJC_IMPLEMENTATIONS = YES;
				CLANG_WARN_DIRECT_OBJC_ISA_USAGE = YES_ERROR;
				CLANG_WARN_DOCUMENTATION_COMMENTS = YES;
				CLANG_WARN_EMPTY_BODY = YES;
				CLANG_WARN_ENUM_CONVERSION = YES;
				CLANG_WARN_INFINITE_RECURSION = YES;
				CLANG_WARN_INT_CONVERSION = YES;
				CLANG_WARN_NON_LITERAL_NULL_CONVERSION = YES;
				CLANG_WARN_OBJC_IMPLICIT_RETAIN_SELF = YES;
				CLANG_WARN_OBJC_LITERAL_CONVERSION = YES;
				CLANG_WARN_OBJC_ROOT_CLASS = YES_ERROR;
				CLANG_WARN_QUOTED_INCLUDE_IN_FRAMEWORK_HEADER = YES;
				CLANG_WARN_RANGE_LOOP_ANALYSIS = YES;
				CLANG_WARN_STRICT_PROTOTYPES = YES;
				CLANG_WARN_SUSPICIOUS_MOVE = YES;
				CLANG_WARN_UNGUARDED_AVAILABILITY = YES_AGGRESSIVE;
				CLANG_WARN_UNREACHABLE_CODE = YES;
				CLANG_WARN__DUPLICATE_METHOD_MATCH = YES;
				COPY_PHASE_STRIP = NO;
				DEBUG_INFORMATION_FORMAT = "dwarf-with-dsym";
				ENABLE_NS_ASSERTIONS = NO;
				ENABLE_STRICT_OBJC_MSGSEND = YES;
				ENABLE_USER_SCRIPT_SANDBOXING = YES;
				GCC_C_LANGUAGE_STANDARD = gnu17;
				GCC_NO_COMMON_BLOCKS = YES;
				GCC_WARN_64_TO_32_BIT_CONVERSION = YES;
				GCC_WARN_ABOUT_RETURN_TYPE = YES_ERROR;
				GCC_WARN_UNDECLARED_SELECTOR = YES;
				GCC_WARN_UNINITIALIZED_AUTOS = YES_AGGRESSIVE;
				GCC_WARN_UNUSED_FUNCTION = YES;
				GCC_WARN_UNUSED_VARIABLE = YES;
				IPHONEOS_DEPLOYMENT_TARGET = 17.2;
				LOCALIZATION_PREFERS_STRING_CATALOGS = YES;
				MTL_ENABLE_DEBUG_INFO = NO;
				MTL_FAST_MATH = YES;
				SDKROOT = iphoneos;
				SWIFT_COMPILATION_MODE = wholemodule;
				VALIDATE_PRODUCT = YES;
			};
			name = Release;
		};
		667BB0512B99A2F500983507 /* Debug */ = {
			isa = XCBuildConfiguration;
			buildSettings = {
				ASSETCATALOG_COMPILER_APPICON_NAME = AppIcon;
				ASSETCATALOG_COMPILER_GLOBAL_ACCENT_COLOR_NAME = AccentColor;
				CODE_SIGN_STYLE = Automatic;
				CURRENT_PROJECT_VERSION = 1;
				DEVELOPMENT_ASSET_PATHS = "\"TravelMakerAPP/Preview Content\"";
				DEVELOPMENT_TEAM = 8489U7SJ7U;
				ENABLE_PREVIEWS = YES;
				GENERATE_INFOPLIST_FILE = YES;
				INFOPLIST_KEY_NSLocationAlwaysAndWhenInUseUsageDescription = "사용자 위치를 사용하기위해 권한이 필요합니다.";
				INFOPLIST_KEY_NSLocationAlwaysUsageDescription = "사용자 위치를 사용하기위해 권한이 필요합니다.";
				INFOPLIST_KEY_NSLocationWhenInUseUsageDescription = "사용자 위치를 사용하기위해 권한이 필요합니다.";
				INFOPLIST_KEY_UIApplicationSceneManifest_Generation = YES;
				INFOPLIST_KEY_UIApplicationSupportsIndirectInputEvents = YES;
				INFOPLIST_KEY_UILaunchScreen_Generation = YES;
				INFOPLIST_KEY_UISupportedInterfaceOrientations_iPad = "UIInterfaceOrientationPortrait UIInterfaceOrientationPortraitUpsideDown UIInterfaceOrientationLandscapeLeft UIInterfaceOrientationLandscapeRight";
				INFOPLIST_KEY_UISupportedInterfaceOrientations_iPhone = "UIInterfaceOrientationPortrait UIInterfaceOrientationLandscapeLeft UIInterfaceOrientationLandscapeRight";
				LD_RUNPATH_SEARCH_PATHS = (
					"$(inherited)",
					"@executable_path/Frameworks",
				);
				MARKETING_VERSION = 1.0;
				PRODUCT_BUNDLE_IDENTIFIER = com.teamTraveler.travelMaker.TravelMakerAPP;
				PRODUCT_NAME = "$(TARGET_NAME)";
				SWIFT_EMIT_LOC_STRINGS = YES;
				SWIFT_VERSION = 5.0;
				TARGETED_DEVICE_FAMILY = "1,2";
			};
			name = Debug;
		};
		667BB0522B99A2F500983507 /* Release */ = {
			isa = XCBuildConfiguration;
			buildSettings = {
				ASSETCATALOG_COMPILER_APPICON_NAME = AppIcon;
				ASSETCATALOG_COMPILER_GLOBAL_ACCENT_COLOR_NAME = AccentColor;
				CODE_SIGN_STYLE = Automatic;
				CURRENT_PROJECT_VERSION = 1;
				DEVELOPMENT_ASSET_PATHS = "\"TravelMakerAPP/Preview Content\"";
				DEVELOPMENT_TEAM = 8489U7SJ7U;
				ENABLE_PREVIEWS = YES;
				GENERATE_INFOPLIST_FILE = YES;
				INFOPLIST_KEY_NSLocationAlwaysAndWhenInUseUsageDescription = "사용자 위치를 사용하기위해 권한이 필요합니다.";
				INFOPLIST_KEY_NSLocationAlwaysUsageDescription = "사용자 위치를 사용하기위해 권한이 필요합니다.";
				INFOPLIST_KEY_NSLocationWhenInUseUsageDescription = "사용자 위치를 사용하기위해 권한이 필요합니다.";
				INFOPLIST_KEY_UIApplicationSceneManifest_Generation = YES;
				INFOPLIST_KEY_UIApplicationSupportsIndirectInputEvents = YES;
				INFOPLIST_KEY_UILaunchScreen_Generation = YES;
				INFOPLIST_KEY_UISupportedInterfaceOrientations_iPad = "UIInterfaceOrientationPortrait UIInterfaceOrientationPortraitUpsideDown UIInterfaceOrientationLandscapeLeft UIInterfaceOrientationLandscapeRight";
				INFOPLIST_KEY_UISupportedInterfaceOrientations_iPhone = "UIInterfaceOrientationPortrait UIInterfaceOrientationLandscapeLeft UIInterfaceOrientationLandscapeRight";
				LD_RUNPATH_SEARCH_PATHS = (
					"$(inherited)",
					"@executable_path/Frameworks",
				);
				MARKETING_VERSION = 1.0;
				PRODUCT_BUNDLE_IDENTIFIER = com.teamTraveler.travelMaker.TravelMakerAPP;
				PRODUCT_NAME = "$(TARGET_NAME)";
				SWIFT_EMIT_LOC_STRINGS = YES;
				SWIFT_VERSION = 5.0;
				TARGETED_DEVICE_FAMILY = "1,2";
			};
			name = Release;
		};
/* End XCBuildConfiguration section */

/* Begin XCConfigurationList section */
		667BB03D2B99A2F300983507 /* Build configuration list for PBXProject "TravelMakerAPP" */ = {
			isa = XCConfigurationList;
			buildConfigurations = (
				667BB04E2B99A2F500983507 /* Debug */,
				667BB04F2B99A2F500983507 /* Release */,
			);
			defaultConfigurationIsVisible = 0;
			defaultConfigurationName = Release;
		};
		667BB0502B99A2F500983507 /* Build configuration list for PBXNativeTarget "TravelMakerAPP" */ = {
			isa = XCConfigurationList;
			buildConfigurations = (
				667BB0512B99A2F500983507 /* Debug */,
				667BB0522B99A2F500983507 /* Release */,
			);
			defaultConfigurationIsVisible = 0;
			defaultConfigurationName = Release;
		};
/* End XCConfigurationList section */
	};
	rootObject = 667BB03A2B99A2F300983507 /* Project object */;
}
